
Microsoft Visual Studio Solution File, Format Version 12.00
# Visual Studio Version 16
VisualStudioVersion = 16.0.29411.108
MinimumVisualStudioVersion = 10.0.40219.1
Project("{9A19103F-16F7-4668-BE54-9A1E7A4F7556}") = "01.TrojanInvasion", "01.TrojanInvasion\01.TrojanInvasion.csproj", "{B8D0EC02-6785-4A78-AD24-E8EF26F66E8C}"
EndProject
Project("{FAE04EC0-301F-11D3-BF4B-00C04F79EFBC}") = "02.Helen'sAbduction", "02.Helen'sAbduction\02.Helen'sAbduction.csproj", "{30C92829-5725-4E60-A8F9-B53DD63BF95D}"
EndProject
Project("{FAE04EC0-301F-11D3-BF4B-00C04F79EFBC}") = "03.FightingArena", "03.FightingArena\03.FightingArena.csproj", "{7BED513D-942F-44F9-A858-8600F4EA3D14}"
EndProject
Global
	GlobalSection(SolutionConfigurationPlatforms) = preSolution
		Debug|Any CPU = Debug|Any CPU
		Release|Any CPU = Release|Any CPU
	EndGlobalSection
	GlobalSection(ProjectConfigurationPlatforms) = postSolution
		{B8D0EC02-6785-4A78-AD24-E8EF26F66E8C}.Debug|Any CPU.ActiveCfg = Debug|Any CPU
		{B8D0EC02-6785-4A78-AD24-E8EF26F66E8C}.Debug|Any CPU.Build.0 = Debug|Any CPU
		{B8D0EC02-6785-4A78-AD24-E8EF26F66E8C}.Release|Any CPU.ActiveCfg = Release|Any CPU
		{B8D0EC02-6785-4A78-AD24-E8EF26F66E8C}.Release|Any CPU.Build.0 = Release|Any CPU
		{30C92829-5725-4E60-A8F9-B53DD63BF95D}.Debug|Any CPU.ActiveCfg = Debug|Any CPU
		{30C92829-5725-4E60-A8F9-B53DD63BF95D}.Debug|Any CPU.Build.0 = Debug|Any CPU
		{30C92829-5725-4E60-A8F9-B53DD63BF95D}.Release|Any CPU.ActiveCfg = Release|Any CPU
		{30C92829-5725-4E60-A8F9-B53DD63BF95D}.Release|Any CPU.Build.0 = Release|Any CPU
		{7BED513D-942F-44F9-A858-8600F4EA3D14}.Debug|Any CPU.ActiveCfg = Debug|Any CPU
		{7BED513D-942F-44F9-A858-8600F4EA3D14}.Debug|Any CPU.Build.0 = Debug|Any CPU
		{7BED513D-942F-44F9-A858-8600F4EA3D14}.Release|Any CPU.ActiveCfg = Release|Any CPU
		{7BED513D-942F-44F9-A858-8600F4EA3D14}.Release|Any CPU.Build.0 = Release|Any CPU
	EndGlobalSection
	GlobalSection(SolutionProperties) = preSolution
		HideSolutionNode = FALSE
	EndGlobalSection
	GlobalSection(ExtensibilityGlobals) = postSolution
		SolutionGuid = {AA57A700-E7DB-4595-8BD3-3A24632A63E4}
	EndGlobalSection
EndGlobal
