
Microsoft Visual Studio Solution File, Format Version 12.00
# Visual Studio Version 16
VisualStudioVersion = 16.0.29411.108
MinimumVisualStudioVersion = 10.0.40219.1
Project("{FAE04EC0-301F-11D3-BF4B-00C04F79EFBC}") = "01.RhombusOfStars", "01.RhombusOfStars\01.RhombusOfStars.csproj", "{EECEDCF3-88E3-4F83-A2C0-E01BDD4F16A3}"
EndProject
Project("{FAE04EC0-301F-11D3-BF4B-00C04F79EFBC}") = "02.PointInRectangle", "02.PointInRectangle\02.PointInRectangle.csproj", "{DE15BFD2-615C-4275-9D37-8C144BE6CC31}"
EndProject
Project("{9A19103F-16F7-4668-BE54-9A1E7A4F7556}") = "03.StudentSystem", "03.StudentSystem\03.StudentSystem.csproj", "{3D178D0C-7EDD-419F-B3C0-D34C62C826A9}"
EndProject
Project("{FAE04EC0-301F-11D3-BF4B-00C04F79EFBC}") = "04.HotelReservation", "04.HotelReservation\04.HotelReservation.csproj", "{A8174520-A9AE-45A5-92ED-B53512E966B6}"
EndProject
Global
	GlobalSection(SolutionConfigurationPlatforms) = preSolution
		Debug|Any CPU = Debug|Any CPU
		Release|Any CPU = Release|Any CPU
	EndGlobalSection
	GlobalSection(ProjectConfigurationPlatforms) = postSolution
		{EECEDCF3-88E3-4F83-A2C0-E01BDD4F16A3}.Debug|Any CPU.ActiveCfg = Debug|Any CPU
		{EECEDCF3-88E3-4F83-A2C0-E01BDD4F16A3}.Debug|Any CPU.Build.0 = Debug|Any CPU
		{EECEDCF3-88E3-4F83-A2C0-E01BDD4F16A3}.Release|Any CPU.ActiveCfg = Release|Any CPU
		{EECEDCF3-88E3-4F83-A2C0-E01BDD4F16A3}.Release|Any CPU.Build.0 = Release|Any CPU
		{DE15BFD2-615C-4275-9D37-8C144BE6CC31}.Debug|Any CPU.ActiveCfg = Debug|Any CPU
		{DE15BFD2-615C-4275-9D37-8C144BE6CC31}.Debug|Any CPU.Build.0 = Debug|Any CPU
		{DE15BFD2-615C-4275-9D37-8C144BE6CC31}.Release|Any CPU.ActiveCfg = Release|Any CPU
		{DE15BFD2-615C-4275-9D37-8C144BE6CC31}.Release|Any CPU.Build.0 = Release|Any CPU
		{3D178D0C-7EDD-419F-B3C0-D34C62C826A9}.Debug|Any CPU.ActiveCfg = Debug|Any CPU
		{3D178D0C-7EDD-419F-B3C0-D34C62C826A9}.Debug|Any CPU.Build.0 = Debug|Any CPU
		{3D178D0C-7EDD-419F-B3C0-D34C62C826A9}.Release|Any CPU.ActiveCfg = Release|Any CPU
		{3D178D0C-7EDD-419F-B3C0-D34C62C826A9}.Release|Any CPU.Build.0 = Release|Any CPU
		{A8174520-A9AE-45A5-92ED-B53512E966B6}.Debug|Any CPU.ActiveCfg = Debug|Any CPU
		{A8174520-A9AE-45A5-92ED-B53512E966B6}.Debug|Any CPU.Build.0 = Debug|Any CPU
		{A8174520-A9AE-45A5-92ED-B53512E966B6}.Release|Any CPU.ActiveCfg = Release|Any CPU
		{A8174520-A9AE-45A5-92ED-B53512E966B6}.Release|Any CPU.Build.0 = Release|Any CPU
	EndGlobalSection
	GlobalSection(SolutionProperties) = preSolution
		HideSolutionNode = FALSE
	EndGlobalSection
	GlobalSection(ExtensibilityGlobals) = postSolution
		SolutionGuid = {D99EF9F6-0919-40C6-B7C1-6F49428DD6F1}
	EndGlobalSection
EndGlobal
