
Microsoft Visual Studio Solution File, Format Version 12.00
# Visual Studio Version 16
VisualStudioVersion = 16.0.29411.108
MinimumVisualStudioVersion = 10.0.40219.1
Project("{9A19103F-16F7-4668-BE54-9A1E7A4F7556}") = "01.SingleInheritance", "01.SingleInheritance\01.SingleInheritance.csproj", "{07532F50-1CD6-4F07-9928-CE66FF1165E2}"
EndProject
Project("{9A19103F-16F7-4668-BE54-9A1E7A4F7556}") = "02.MultipleInheritance", "02.MultipleInheritance\02.MultipleInheritance.csproj", "{17030E86-0CF0-47B7-A745-08FD60F8F49E}"
EndProject
Project("{FAE04EC0-301F-11D3-BF4B-00C04F79EFBC}") = "03.HierarchicalInheritance", "03.HierarchicalInheritance\03.HierarchicalInheritance.csproj", "{9A764BE0-FCF1-485D-99F3-E043A63BA01D}"
EndProject
Project("{FAE04EC0-301F-11D3-BF4B-00C04F79EFBC}") = "04.RandomList", "04.RandomList\04.RandomList.csproj", "{EEA216A8-292C-401C-9476-78271DB21F84}"
EndProject
Project("{FAE04EC0-301F-11D3-BF4B-00C04F79EFBC}") = "05.StackOfStrings", "05.StackOfStrings\05.StackOfStrings.csproj", "{FEC73FAD-FB74-408A-9255-720F553C520B}"
EndProject
Global
	GlobalSection(SolutionConfigurationPlatforms) = preSolution
		Debug|Any CPU = Debug|Any CPU
		Release|Any CPU = Release|Any CPU
	EndGlobalSection
	GlobalSection(ProjectConfigurationPlatforms) = postSolution
		{07532F50-1CD6-4F07-9928-CE66FF1165E2}.Debug|Any CPU.ActiveCfg = Debug|Any CPU
		{07532F50-1CD6-4F07-9928-CE66FF1165E2}.Debug|Any CPU.Build.0 = Debug|Any CPU
		{07532F50-1CD6-4F07-9928-CE66FF1165E2}.Release|Any CPU.ActiveCfg = Release|Any CPU
		{07532F50-1CD6-4F07-9928-CE66FF1165E2}.Release|Any CPU.Build.0 = Release|Any CPU
		{17030E86-0CF0-47B7-A745-08FD60F8F49E}.Debug|Any CPU.ActiveCfg = Debug|Any CPU
		{17030E86-0CF0-47B7-A745-08FD60F8F49E}.Debug|Any CPU.Build.0 = Debug|Any CPU
		{17030E86-0CF0-47B7-A745-08FD60F8F49E}.Release|Any CPU.ActiveCfg = Release|Any CPU
		{17030E86-0CF0-47B7-A745-08FD60F8F49E}.Release|Any CPU.Build.0 = Release|Any CPU
		{9A764BE0-FCF1-485D-99F3-E043A63BA01D}.Debug|Any CPU.ActiveCfg = Debug|Any CPU
		{9A764BE0-FCF1-485D-99F3-E043A63BA01D}.Debug|Any CPU.Build.0 = Debug|Any CPU
		{9A764BE0-FCF1-485D-99F3-E043A63BA01D}.Release|Any CPU.ActiveCfg = Release|Any CPU
		{9A764BE0-FCF1-485D-99F3-E043A63BA01D}.Release|Any CPU.Build.0 = Release|Any CPU
		{EEA216A8-292C-401C-9476-78271DB21F84}.Debug|Any CPU.ActiveCfg = Debug|Any CPU
		{EEA216A8-292C-401C-9476-78271DB21F84}.Debug|Any CPU.Build.0 = Debug|Any CPU
		{EEA216A8-292C-401C-9476-78271DB21F84}.Release|Any CPU.ActiveCfg = Release|Any CPU
		{EEA216A8-292C-401C-9476-78271DB21F84}.Release|Any CPU.Build.0 = Release|Any CPU
		{FEC73FAD-FB74-408A-9255-720F553C520B}.Debug|Any CPU.ActiveCfg = Debug|Any CPU
		{FEC73FAD-FB74-408A-9255-720F553C520B}.Debug|Any CPU.Build.0 = Debug|Any CPU
		{FEC73FAD-FB74-408A-9255-720F553C520B}.Release|Any CPU.ActiveCfg = Release|Any CPU
		{FEC73FAD-FB74-408A-9255-720F553C520B}.Release|Any CPU.Build.0 = Release|Any CPU
	EndGlobalSection
	GlobalSection(SolutionProperties) = preSolution
		HideSolutionNode = FALSE
	EndGlobalSection
	GlobalSection(ExtensibilityGlobals) = postSolution
		SolutionGuid = {DCA4EE04-FFB6-411C-92EB-A2E67232ED78}
	EndGlobalSection
EndGlobal
