
Microsoft Visual Studio Solution File, Format Version 12.00
# Visual Studio Version 16
VisualStudioVersion = 16.0.29519.181
MinimumVisualStudioVersion = 10.0.40219.1
Project("{9A19103F-16F7-4668-BE54-9A1E7A4F7556}") = "01.PlayersAndMonsters", "01.PlayersAndMonsters\01.PlayersAndMonsters.csproj", "{5538CA52-D674-4E8E-A489-6980EE716508}"
EndProject
Global
	GlobalSection(SolutionConfigurationPlatforms) = preSolution
		Debug|Any CPU = Debug|Any CPU
		Release|Any CPU = Release|Any CPU
	EndGlobalSection
	GlobalSection(ProjectConfigurationPlatforms) = postSolution
		{5538CA52-D674-4E8E-A489-6980EE716508}.Debug|Any CPU.ActiveCfg = Debug|Any CPU
		{5538CA52-D674-4E8E-A489-6980EE716508}.Debug|Any CPU.Build.0 = Debug|Any CPU
		{5538CA52-D674-4E8E-A489-6980EE716508}.Release|Any CPU.ActiveCfg = Release|Any CPU
		{5538CA52-D674-4E8E-A489-6980EE716508}.Release|Any CPU.Build.0 = Release|Any CPU
	EndGlobalSection
	GlobalSection(SolutionProperties) = preSolution
		HideSolutionNode = FALSE
	EndGlobalSection
	GlobalSection(ExtensibilityGlobals) = postSolution
		SolutionGuid = {DE950A45-F033-43A5-B821-7AB8DCD23630}
	EndGlobalSection
EndGlobal
