
Microsoft Visual Studio Solution File, Format Version 12.00
# Visual Studio Version 16
VisualStudioVersion = 16.0.29209.62
MinimumVisualStudioVersion = 10.0.40219.1
Project("{9A19103F-16F7-4668-BE54-9A1E7A4F7556}") = "01. Sort Even Numbers", "01. Sort Even Numbers\01. Sort Even Numbers.csproj", "{C84521EC-A035-4DDC-A6A1-85A57E372C7D}"
EndProject
Project("{9A19103F-16F7-4668-BE54-9A1E7A4F7556}") = "02. Sum Numbers", "02. Sum Numbers\02. Sum Numbers.csproj", "{651D8A82-0710-440A-9FDA-5A745BA7ED4D}"
EndProject
Project("{9A19103F-16F7-4668-BE54-9A1E7A4F7556}") = "03. Count Uppercase Words", "03. Count Uppercase Words\03. Count Uppercase Words.csproj", "{9557D72F-6DB6-488B-AAD7-539A9CA1F4D8}"
EndProject
Project("{FAE04EC0-301F-11D3-BF4B-00C04F79EFBC}") = "04. Add VAT", "04. Add VAT\04. Add VAT.csproj", "{F5AF5876-3A4C-41B5-BC8A-D4109FDE47EB}"
EndProject
Project("{FAE04EC0-301F-11D3-BF4B-00C04F79EFBC}") = "05. Filter By Age", "05. Filter By Age\05. Filter By Age.csproj", "{692E9E5C-4A37-42A5-98F1-3A918CE5226F}"
EndProject
Global
	GlobalSection(SolutionConfigurationPlatforms) = preSolution
		Debug|Any CPU = Debug|Any CPU
		Release|Any CPU = Release|Any CPU
	EndGlobalSection
	GlobalSection(ProjectConfigurationPlatforms) = postSolution
		{C84521EC-A035-4DDC-A6A1-85A57E372C7D}.Debug|Any CPU.ActiveCfg = Debug|Any CPU
		{C84521EC-A035-4DDC-A6A1-85A57E372C7D}.Debug|Any CPU.Build.0 = Debug|Any CPU
		{C84521EC-A035-4DDC-A6A1-85A57E372C7D}.Release|Any CPU.ActiveCfg = Release|Any CPU
		{C84521EC-A035-4DDC-A6A1-85A57E372C7D}.Release|Any CPU.Build.0 = Release|Any CPU
		{651D8A82-0710-440A-9FDA-5A745BA7ED4D}.Debug|Any CPU.ActiveCfg = Debug|Any CPU
		{651D8A82-0710-440A-9FDA-5A745BA7ED4D}.Debug|Any CPU.Build.0 = Debug|Any CPU
		{651D8A82-0710-440A-9FDA-5A745BA7ED4D}.Release|Any CPU.ActiveCfg = Release|Any CPU
		{651D8A82-0710-440A-9FDA-5A745BA7ED4D}.Release|Any CPU.Build.0 = Release|Any CPU
		{9557D72F-6DB6-488B-AAD7-539A9CA1F4D8}.Debug|Any CPU.ActiveCfg = Debug|Any CPU
		{9557D72F-6DB6-488B-AAD7-539A9CA1F4D8}.Debug|Any CPU.Build.0 = Debug|Any CPU
		{9557D72F-6DB6-488B-AAD7-539A9CA1F4D8}.Release|Any CPU.ActiveCfg = Release|Any CPU
		{9557D72F-6DB6-488B-AAD7-539A9CA1F4D8}.Release|Any CPU.Build.0 = Release|Any CPU
		{F5AF5876-3A4C-41B5-BC8A-D4109FDE47EB}.Debug|Any CPU.ActiveCfg = Debug|Any CPU
		{F5AF5876-3A4C-41B5-BC8A-D4109FDE47EB}.Debug|Any CPU.Build.0 = Debug|Any CPU
		{F5AF5876-3A4C-41B5-BC8A-D4109FDE47EB}.Release|Any CPU.ActiveCfg = Release|Any CPU
		{F5AF5876-3A4C-41B5-BC8A-D4109FDE47EB}.Release|Any CPU.Build.0 = Release|Any CPU
		{692E9E5C-4A37-42A5-98F1-3A918CE5226F}.Debug|Any CPU.ActiveCfg = Debug|Any CPU
		{692E9E5C-4A37-42A5-98F1-3A918CE5226F}.Debug|Any CPU.Build.0 = Debug|Any CPU
		{692E9E5C-4A37-42A5-98F1-3A918CE5226F}.Release|Any CPU.ActiveCfg = Release|Any CPU
		{692E9E5C-4A37-42A5-98F1-3A918CE5226F}.Release|Any CPU.Build.0 = Release|Any CPU
	EndGlobalSection
	GlobalSection(SolutionProperties) = preSolution
		HideSolutionNode = FALSE
	EndGlobalSection
	GlobalSection(ExtensibilityGlobals) = postSolution
		SolutionGuid = {06D4DEE5-E1D9-41CB-B86B-5C5D27D75F80}
	EndGlobalSection
EndGlobal
