
Microsoft Visual Studio Solution File, Format Version 12.00
# Visual Studio Version 16
VisualStudioVersion = 16.0.29209.62
MinimumVisualStudioVersion = 10.0.40219.1
Project("{9A19103F-16F7-4668-BE54-9A1E7A4F7556}") = "01.Box", "01.Box\01.Box.csproj", "{B7ED69F6-044D-4EB2-9F96-41384420C9CF}"
EndProject
Project("{FAE04EC0-301F-11D3-BF4B-00C04F79EFBC}") = "02.GenericArrayCreator", "02.GenericArrayCreator\02.GenericArrayCreator.csproj", "{8E8C466F-3B92-4131-A835-432AC478F9F6}"
EndProject
Project("{FAE04EC0-301F-11D3-BF4B-00C04F79EFBC}") = "03.GenericScale", "03.GenericScale\03.GenericScale.csproj", "{69FF1212-E71A-4E43-AE1A-5A897248DF93}"
EndProject
Global
	GlobalSection(SolutionConfigurationPlatforms) = preSolution
		Debug|Any CPU = Debug|Any CPU
		Release|Any CPU = Release|Any CPU
	EndGlobalSection
	GlobalSection(ProjectConfigurationPlatforms) = postSolution
		{B7ED69F6-044D-4EB2-9F96-41384420C9CF}.Debug|Any CPU.ActiveCfg = Debug|Any CPU
		{B7ED69F6-044D-4EB2-9F96-41384420C9CF}.Debug|Any CPU.Build.0 = Debug|Any CPU
		{B7ED69F6-044D-4EB2-9F96-41384420C9CF}.Release|Any CPU.ActiveCfg = Release|Any CPU
		{B7ED69F6-044D-4EB2-9F96-41384420C9CF}.Release|Any CPU.Build.0 = Release|Any CPU
		{8E8C466F-3B92-4131-A835-432AC478F9F6}.Debug|Any CPU.ActiveCfg = Debug|Any CPU
		{8E8C466F-3B92-4131-A835-432AC478F9F6}.Debug|Any CPU.Build.0 = Debug|Any CPU
		{8E8C466F-3B92-4131-A835-432AC478F9F6}.Release|Any CPU.ActiveCfg = Release|Any CPU
		{8E8C466F-3B92-4131-A835-432AC478F9F6}.Release|Any CPU.Build.0 = Release|Any CPU
		{69FF1212-E71A-4E43-AE1A-5A897248DF93}.Debug|Any CPU.ActiveCfg = Debug|Any CPU
		{69FF1212-E71A-4E43-AE1A-5A897248DF93}.Debug|Any CPU.Build.0 = Debug|Any CPU
		{69FF1212-E71A-4E43-AE1A-5A897248DF93}.Release|Any CPU.ActiveCfg = Release|Any CPU
		{69FF1212-E71A-4E43-AE1A-5A897248DF93}.Release|Any CPU.Build.0 = Release|Any CPU
	EndGlobalSection
	GlobalSection(SolutionProperties) = preSolution
		HideSolutionNode = FALSE
	EndGlobalSection
	GlobalSection(ExtensibilityGlobals) = postSolution
		SolutionGuid = {86E9736C-4B28-4E43-9B88-4BF02E1F20F0}
	EndGlobalSection
EndGlobal
