
Microsoft Visual Studio Solution File, Format Version 12.00
# Visual Studio Version 16
VisualStudioVersion = 16.0.29411.108
MinimumVisualStudioVersion = 10.0.40219.1
Project("{9A19103F-16F7-4668-BE54-9A1E7A4F7556}") = "01.RawData", "01.RawData\01.RawData.csproj", "{1E090ED8-6F20-456F-B010-D95FBC5D272A}"
EndProject
Project("{9A19103F-16F7-4668-BE54-9A1E7A4F7556}") = "02.CarSalesman", "02.CarSalesman\02.CarSalesman.csproj", "{5A2D030F-9B87-469B-969E-ABE35F5B0741}"
EndProject
Project("{FAE04EC0-301F-11D3-BF4B-00C04F79EFBC}") = "03.JediGalaxy", "03.JediGalaxy\03.JediGalaxy.csproj", "{02A61E34-A834-4ED4-A18E-24BCCC86BF6E}"
EndProject
Project("{FAE04EC0-301F-11D3-BF4B-00C04F79EFBC}") = "04.Hospital", "04.Hospital\04.Hospital.csproj", "{0F73CAE2-3A97-4353-9935-75A76A7056E7}"
EndProject
Project("{FAE04EC0-301F-11D3-BF4B-00C04F79EFBC}") = "05.GreedyTimes", "05.GreedyTimes\05.GreedyTimes.csproj", "{ED1E5287-C94D-437E-812A-3610CF6E0F7B}"
EndProject
Project("{FAE04EC0-301F-11D3-BF4B-00C04F79EFBC}") = "06.Sneaking", "06.Sneaking\06.Sneaking.csproj", "{0AA4DD04-EB5C-40EB-B394-9248DC87B7F4}"
EndProject
Global
	GlobalSection(SolutionConfigurationPlatforms) = preSolution
		Debug|Any CPU = Debug|Any CPU
		Release|Any CPU = Release|Any CPU
	EndGlobalSection
	GlobalSection(ProjectConfigurationPlatforms) = postSolution
		{1E090ED8-6F20-456F-B010-D95FBC5D272A}.Debug|Any CPU.ActiveCfg = Debug|Any CPU
		{1E090ED8-6F20-456F-B010-D95FBC5D272A}.Debug|Any CPU.Build.0 = Debug|Any CPU
		{1E090ED8-6F20-456F-B010-D95FBC5D272A}.Release|Any CPU.ActiveCfg = Release|Any CPU
		{1E090ED8-6F20-456F-B010-D95FBC5D272A}.Release|Any CPU.Build.0 = Release|Any CPU
		{5A2D030F-9B87-469B-969E-ABE35F5B0741}.Debug|Any CPU.ActiveCfg = Debug|Any CPU
		{5A2D030F-9B87-469B-969E-ABE35F5B0741}.Debug|Any CPU.Build.0 = Debug|Any CPU
		{5A2D030F-9B87-469B-969E-ABE35F5B0741}.Release|Any CPU.ActiveCfg = Release|Any CPU
		{5A2D030F-9B87-469B-969E-ABE35F5B0741}.Release|Any CPU.Build.0 = Release|Any CPU
		{02A61E34-A834-4ED4-A18E-24BCCC86BF6E}.Debug|Any CPU.ActiveCfg = Debug|Any CPU
		{02A61E34-A834-4ED4-A18E-24BCCC86BF6E}.Debug|Any CPU.Build.0 = Debug|Any CPU
		{02A61E34-A834-4ED4-A18E-24BCCC86BF6E}.Release|Any CPU.ActiveCfg = Release|Any CPU
		{02A61E34-A834-4ED4-A18E-24BCCC86BF6E}.Release|Any CPU.Build.0 = Release|Any CPU
		{0F73CAE2-3A97-4353-9935-75A76A7056E7}.Debug|Any CPU.ActiveCfg = Debug|Any CPU
		{0F73CAE2-3A97-4353-9935-75A76A7056E7}.Debug|Any CPU.Build.0 = Debug|Any CPU
		{0F73CAE2-3A97-4353-9935-75A76A7056E7}.Release|Any CPU.ActiveCfg = Release|Any CPU
		{0F73CAE2-3A97-4353-9935-75A76A7056E7}.Release|Any CPU.Build.0 = Release|Any CPU
		{ED1E5287-C94D-437E-812A-3610CF6E0F7B}.Debug|Any CPU.ActiveCfg = Debug|Any CPU
		{ED1E5287-C94D-437E-812A-3610CF6E0F7B}.Debug|Any CPU.Build.0 = Debug|Any CPU
		{ED1E5287-C94D-437E-812A-3610CF6E0F7B}.Release|Any CPU.ActiveCfg = Release|Any CPU
		{ED1E5287-C94D-437E-812A-3610CF6E0F7B}.Release|Any CPU.Build.0 = Release|Any CPU
		{0AA4DD04-EB5C-40EB-B394-9248DC87B7F4}.Debug|Any CPU.ActiveCfg = Debug|Any CPU
		{0AA4DD04-EB5C-40EB-B394-9248DC87B7F4}.Debug|Any CPU.Build.0 = Debug|Any CPU
		{0AA4DD04-EB5C-40EB-B394-9248DC87B7F4}.Release|Any CPU.ActiveCfg = Release|Any CPU
		{0AA4DD04-EB5C-40EB-B394-9248DC87B7F4}.Release|Any CPU.Build.0 = Release|Any CPU
	EndGlobalSection
	GlobalSection(SolutionProperties) = preSolution
		HideSolutionNode = FALSE
	EndGlobalSection
	GlobalSection(ExtensibilityGlobals) = postSolution
		SolutionGuid = {C1DE4F9F-BC45-4E9F-B28A-FE77AE291B59}
	EndGlobalSection
EndGlobal
