
Microsoft Visual Studio Solution File, Format Version 12.00
# Visual Studio Version 16
VisualStudioVersion = 16.0.28922.388
MinimumVisualStudioVersion = 10.0.40219.1
Project("{9A19103F-16F7-4668-BE54-9A1E7A4F7556}") = "02.BlueOrigin", "02.BlueOrigin\02.BlueOrigin.csproj", "{4552B18E-B32E-434E-814D-2393487D0BBE}"
EndProject
Project("{9A19103F-16F7-4668-BE54-9A1E7A4F7556}") = "02.BlueOrigin.Tests", "02.BlueOrigin.Tests\02.BlueOrigin.Tests.csproj", "{040D8238-B3E2-4E52-A1C1-7ECA63B4A7E4}"
EndProject
Global
	GlobalSection(SolutionConfigurationPlatforms) = preSolution
		Debug|Any CPU = Debug|Any CPU
		Release|Any CPU = Release|Any CPU
	EndGlobalSection
	GlobalSection(ProjectConfigurationPlatforms) = postSolution
		{4552B18E-B32E-434E-814D-2393487D0BBE}.Debug|Any CPU.ActiveCfg = Debug|Any CPU
		{4552B18E-B32E-434E-814D-2393487D0BBE}.Debug|Any CPU.Build.0 = Debug|Any CPU
		{4552B18E-B32E-434E-814D-2393487D0BBE}.Release|Any CPU.ActiveCfg = Release|Any CPU
		{4552B18E-B32E-434E-814D-2393487D0BBE}.Release|Any CPU.Build.0 = Release|Any CPU
		{040D8238-B3E2-4E52-A1C1-7ECA63B4A7E4}.Debug|Any CPU.ActiveCfg = Debug|Any CPU
		{040D8238-B3E2-4E52-A1C1-7ECA63B4A7E4}.Debug|Any CPU.Build.0 = Debug|Any CPU
		{040D8238-B3E2-4E52-A1C1-7ECA63B4A7E4}.Release|Any CPU.ActiveCfg = Release|Any CPU
		{040D8238-B3E2-4E52-A1C1-7ECA63B4A7E4}.Release|Any CPU.Build.0 = Release|Any CPU
	EndGlobalSection
	GlobalSection(SolutionProperties) = preSolution
		HideSolutionNode = FALSE
	EndGlobalSection
	GlobalSection(ExtensibilityGlobals) = postSolution
		SolutionGuid = {F67B5901-2D78-4915-9EDA-05675BF37548}
	EndGlobalSection
EndGlobal
