
Microsoft Visual Studio Solution File, Format Version 12.00
# Visual Studio Version 16
VisualStudioVersion = 16.0.29411.108
MinimumVisualStudioVersion = 10.0.40219.1
Project("{FAE04EC0-301F-11D3-BF4B-00C04F79EFBC}") = "01.ClubParty", "01.ClubParty\01.ClubParty.csproj", "{FC0D5FD5-76CB-44DC-B3D3-7A5FF7DE6EA3}"
EndProject
Project("{FAE04EC0-301F-11D3-BF4B-00C04F79EFBC}") = "02.TronRacers", "02.TronRacers\02.TronRacers.csproj", "{F9B6D30B-6564-43F5-8767-311DAE328C0A}"
EndProject
Project("{FAE04EC0-301F-11D3-BF4B-00C04F79EFBC}") = "03.Heroes", "03.Heroes\03.Heroes.csproj", "{2DE6B684-375C-4811-AAF2-E156506A0CBD}"
EndProject
Global
	GlobalSection(SolutionConfigurationPlatforms) = preSolution
		Debug|Any CPU = Debug|Any CPU
		Release|Any CPU = Release|Any CPU
	EndGlobalSection
	GlobalSection(ProjectConfigurationPlatforms) = postSolution
		{FC0D5FD5-76CB-44DC-B3D3-7A5FF7DE6EA3}.Debug|Any CPU.ActiveCfg = Debug|Any CPU
		{FC0D5FD5-76CB-44DC-B3D3-7A5FF7DE6EA3}.Debug|Any CPU.Build.0 = Debug|Any CPU
		{FC0D5FD5-76CB-44DC-B3D3-7A5FF7DE6EA3}.Release|Any CPU.ActiveCfg = Release|Any CPU
		{FC0D5FD5-76CB-44DC-B3D3-7A5FF7DE6EA3}.Release|Any CPU.Build.0 = Release|Any CPU
		{F9B6D30B-6564-43F5-8767-311DAE328C0A}.Debug|Any CPU.ActiveCfg = Debug|Any CPU
		{F9B6D30B-6564-43F5-8767-311DAE328C0A}.Debug|Any CPU.Build.0 = Debug|Any CPU
		{F9B6D30B-6564-43F5-8767-311DAE328C0A}.Release|Any CPU.ActiveCfg = Release|Any CPU
		{F9B6D30B-6564-43F5-8767-311DAE328C0A}.Release|Any CPU.Build.0 = Release|Any CPU
		{2DE6B684-375C-4811-AAF2-E156506A0CBD}.Debug|Any CPU.ActiveCfg = Debug|Any CPU
		{2DE6B684-375C-4811-AAF2-E156506A0CBD}.Debug|Any CPU.Build.0 = Debug|Any CPU
		{2DE6B684-375C-4811-AAF2-E156506A0CBD}.Release|Any CPU.ActiveCfg = Release|Any CPU
		{2DE6B684-375C-4811-AAF2-E156506A0CBD}.Release|Any CPU.Build.0 = Release|Any CPU
	EndGlobalSection
	GlobalSection(SolutionProperties) = preSolution
		HideSolutionNode = FALSE
	EndGlobalSection
	GlobalSection(ExtensibilityGlobals) = postSolution
		SolutionGuid = {209BCB0C-65A7-4026-9EDC-C358963CE460}
	EndGlobalSection
EndGlobal
