
Microsoft Visual Studio Solution File, Format Version 12.00
# Visual Studio Version 16
VisualStudioVersion = 16.0.29411.108
MinimumVisualStudioVersion = 10.0.40219.1
Project("{9A19103F-16F7-4668-BE54-9A1E7A4F7556}") = "01.Socks", "01.Socks\01.Socks.csproj", "{9E21D6F9-6915-4AF5-91A4-B609B622946D}"
EndProject
Project("{9A19103F-16F7-4668-BE54-9A1E7A4F7556}") = "02.ExcelFunctions", "02.ExcelFunctions\02.ExcelFunctions.csproj", "{CA66C087-F876-4110-B2E5-09ECECFF14E5}"
EndProject
Project("{FAE04EC0-301F-11D3-BF4B-00C04F79EFBC}") = "03.Repository", "03.Repository\03.Repository.csproj", "{744B51FB-97C6-41FB-A99A-526FE1B8A2D9}"
EndProject
Global
	GlobalSection(SolutionConfigurationPlatforms) = preSolution
		Debug|Any CPU = Debug|Any CPU
		Release|Any CPU = Release|Any CPU
	EndGlobalSection
	GlobalSection(ProjectConfigurationPlatforms) = postSolution
		{9E21D6F9-6915-4AF5-91A4-B609B622946D}.Debug|Any CPU.ActiveCfg = Debug|Any CPU
		{9E21D6F9-6915-4AF5-91A4-B609B622946D}.Debug|Any CPU.Build.0 = Debug|Any CPU
		{9E21D6F9-6915-4AF5-91A4-B609B622946D}.Release|Any CPU.ActiveCfg = Release|Any CPU
		{9E21D6F9-6915-4AF5-91A4-B609B622946D}.Release|Any CPU.Build.0 = Release|Any CPU
		{CA66C087-F876-4110-B2E5-09ECECFF14E5}.Debug|Any CPU.ActiveCfg = Debug|Any CPU
		{CA66C087-F876-4110-B2E5-09ECECFF14E5}.Debug|Any CPU.Build.0 = Debug|Any CPU
		{CA66C087-F876-4110-B2E5-09ECECFF14E5}.Release|Any CPU.ActiveCfg = Release|Any CPU
		{CA66C087-F876-4110-B2E5-09ECECFF14E5}.Release|Any CPU.Build.0 = Release|Any CPU
		{744B51FB-97C6-41FB-A99A-526FE1B8A2D9}.Debug|Any CPU.ActiveCfg = Debug|Any CPU
		{744B51FB-97C6-41FB-A99A-526FE1B8A2D9}.Debug|Any CPU.Build.0 = Debug|Any CPU
		{744B51FB-97C6-41FB-A99A-526FE1B8A2D9}.Release|Any CPU.ActiveCfg = Release|Any CPU
		{744B51FB-97C6-41FB-A99A-526FE1B8A2D9}.Release|Any CPU.Build.0 = Release|Any CPU
	EndGlobalSection
	GlobalSection(SolutionProperties) = preSolution
		HideSolutionNode = FALSE
	EndGlobalSection
	GlobalSection(ExtensibilityGlobals) = postSolution
		SolutionGuid = {3D7FB231-4839-4786-82C0-ED2C403C0A3A}
	EndGlobalSection
EndGlobal
