
Microsoft Visual Studio Solution File, Format Version 12.00
# Visual Studio Version 16
VisualStudioVersion = 16.0.29209.62
MinimumVisualStudioVersion = 10.0.40219.1
Project("{9A19103F-16F7-4668-BE54-9A1E7A4F7556}") = "01. Car", "01. Car\01. Car.csproj", "{06B5A272-FA20-4B25-A315-F8DD60D1509E}"
EndProject
Project("{9A19103F-16F7-4668-BE54-9A1E7A4F7556}") = "05. Special Cars", "05. Special Cars\05. Special Cars.csproj", "{ADF2EAD2-E23F-4DF0-923E-0C3242449102}"
EndProject
Project("{FAE04EC0-301F-11D3-BF4B-00C04F79EFBC}") = "02. Car Extension", "02. Car Extension\02. Car Extension.csproj", "{BF86CB4B-EE96-41EB-8A8B-948053F7F789}"
EndProject
Project("{FAE04EC0-301F-11D3-BF4B-00C04F79EFBC}") = "03. Car Constructors", "03. Car Constructors\03. Car Constructors.csproj", "{B112CD75-A5D1-47D0-9864-9C9EB6AF7DBC}"
EndProject
Project("{FAE04EC0-301F-11D3-BF4B-00C04F79EFBC}") = "04. Car Engine And Tires", "04. Car Engine And Tires\04. Car Engine And Tires.csproj", "{F540415A-4884-4599-B937-99F1B27FBEB5}"
EndProject
Global
	GlobalSection(SolutionConfigurationPlatforms) = preSolution
		Debug|Any CPU = Debug|Any CPU
		Release|Any CPU = Release|Any CPU
	EndGlobalSection
	GlobalSection(ProjectConfigurationPlatforms) = postSolution
		{06B5A272-FA20-4B25-A315-F8DD60D1509E}.Debug|Any CPU.ActiveCfg = Debug|Any CPU
		{06B5A272-FA20-4B25-A315-F8DD60D1509E}.Debug|Any CPU.Build.0 = Debug|Any CPU
		{06B5A272-FA20-4B25-A315-F8DD60D1509E}.Release|Any CPU.ActiveCfg = Release|Any CPU
		{06B5A272-FA20-4B25-A315-F8DD60D1509E}.Release|Any CPU.Build.0 = Release|Any CPU
		{ADF2EAD2-E23F-4DF0-923E-0C3242449102}.Debug|Any CPU.ActiveCfg = Debug|Any CPU
		{ADF2EAD2-E23F-4DF0-923E-0C3242449102}.Debug|Any CPU.Build.0 = Debug|Any CPU
		{ADF2EAD2-E23F-4DF0-923E-0C3242449102}.Release|Any CPU.ActiveCfg = Release|Any CPU
		{ADF2EAD2-E23F-4DF0-923E-0C3242449102}.Release|Any CPU.Build.0 = Release|Any CPU
		{BF86CB4B-EE96-41EB-8A8B-948053F7F789}.Debug|Any CPU.ActiveCfg = Debug|Any CPU
		{BF86CB4B-EE96-41EB-8A8B-948053F7F789}.Debug|Any CPU.Build.0 = Debug|Any CPU
		{BF86CB4B-EE96-41EB-8A8B-948053F7F789}.Release|Any CPU.ActiveCfg = Release|Any CPU
		{BF86CB4B-EE96-41EB-8A8B-948053F7F789}.Release|Any CPU.Build.0 = Release|Any CPU
		{B112CD75-A5D1-47D0-9864-9C9EB6AF7DBC}.Debug|Any CPU.ActiveCfg = Debug|Any CPU
		{B112CD75-A5D1-47D0-9864-9C9EB6AF7DBC}.Debug|Any CPU.Build.0 = Debug|Any CPU
		{B112CD75-A5D1-47D0-9864-9C9EB6AF7DBC}.Release|Any CPU.ActiveCfg = Release|Any CPU
		{B112CD75-A5D1-47D0-9864-9C9EB6AF7DBC}.Release|Any CPU.Build.0 = Release|Any CPU
		{F540415A-4884-4599-B937-99F1B27FBEB5}.Debug|Any CPU.ActiveCfg = Debug|Any CPU
		{F540415A-4884-4599-B937-99F1B27FBEB5}.Debug|Any CPU.Build.0 = Debug|Any CPU
		{F540415A-4884-4599-B937-99F1B27FBEB5}.Release|Any CPU.ActiveCfg = Release|Any CPU
		{F540415A-4884-4599-B937-99F1B27FBEB5}.Release|Any CPU.Build.0 = Release|Any CPU
	EndGlobalSection
	GlobalSection(SolutionProperties) = preSolution
		HideSolutionNode = FALSE
	EndGlobalSection
	GlobalSection(ExtensibilityGlobals) = postSolution
		SolutionGuid = {F9DE9F3B-E494-4BEF-9EE8-210324DECCE8}
	EndGlobalSection
EndGlobal
